
Microsoft Visual Studio Solution File, Format Version 12.00
# Visual Studio Version 17
VisualStudioVersion = 17.6.33829.357
MinimumVisualStudioVersion = 10.0.40219.1
Project("{FAE04EC0-301F-11D3-BF4B-00C04F79EFBC}") = "Server_interface", "Server_interface.csproj", "{6139C291-3C2E-4CE3-9169-ECFED08502FF}"
EndProject
Global
	GlobalSection(SolutionConfigurationPlatforms) = preSolution
		Debug|Any CPU = Debug|Any CPU
		Release|Any CPU = Release|Any CPU
	EndGlobalSection
	GlobalSection(ProjectConfigurationPlatforms) = postSolution
		{6139C291-3C2E-4CE3-9169-ECFED08502FF}.Debug|Any CPU.ActiveCfg = Debug|Any CPU
		{6139C291-3C2E-4CE3-9169-ECFED08502FF}.Debug|Any CPU.Build.0 = Debug|Any CPU
		{6139C291-3C2E-4CE3-9169-ECFED08502FF}.Release|Any CPU.ActiveCfg = Release|Any CPU
		{6139C291-3C2E-4CE3-9169-ECFED08502FF}.Release|Any CPU.Build.0 = Release|Any CPU
	EndGlobalSection
	GlobalSection(SolutionProperties) = preSolution
		HideSolutionNode = FALSE
	EndGlobalSection
	GlobalSection(ExtensibilityGlobals) = postSolution
		SolutionGuid = {54F8E863-ED12-49FE-8680-92F0376D0024}
	EndGlobalSection
EndGlobal
